[[dependencies]]
name = "forge-std"
version = "1.16.2"
url = "https://soldeer-revisions.s3.amazonaws.com/forge-std/1_16_2_03-07-2026_07:37:45_forge-std-1.16.zip"
checksum = "405dccc9d60d753f6abc412b4adf0359f4390f65dbadbbb277a12b4946ed8969"
integrity = "5fb4325b60d7d4194bd0481e2f94398cf1d9c6561dd12a66fb2748ef4a68205f"

[[dependencies]]
name = "rain-math-float"
version = "0.2.4"
url = "https://soldeer-revisions.s3.amazonaws.com/rain-math-float/0_2_4_27-09-2026_15:02:57_rain.math.zip"
checksum = "a13f6e73e32324a38a2da2826484c2a03dd1ed1514851c557d90ec8f3323b940"
integrity = "70b5b63f234f24b7719bf6a296caafb9120ce185d7a3dced231a660aca7adf83"
